// !$*UTF8*$!
{
	archiveVersion = 1;
	classes = {
	};
	objectVersion = 46;
	objects = {

/* Begin PBXBuildFile section */
		6E25AD9B3FD34695EA700372 /* Pods_Apt__50UITests.framework in Frameworks */ = {isa = PBXBuildFile; fileRef = F87D1053DBAFE2DA42E07078 /* Pods_Apt__50UITests.framework */; };
		7D45A03FF52D891993847A5A /* Pods_Apt__50.framework in Frameworks */ = {isa = PBXBuildFile; fileRef = 05795737932179E50AF7FF58 /* Pods_Apt__50.framework */; };
		AF2B77E2C7AC24E1DC517E78 /* Pods_Apt__50Tests.framework in Frameworks */ = {isa = PBXBuildFile; fileRef = FEC09A5D2834A1163906052A /* Pods_Apt__50Tests.framework */; };
		DBBC741A1DA49BF800C18114 /* AppDelegate.swift in Sources */ = {isa = PBXBuildFile; fileRef = DBBC74191DA49BF800C18114 /* AppDelegate.swift */; };
		DBBC741C1DA49BF800C18114 /* LoginSignUpViewController.swift in Sources */ = {isa = PBXBuildFile; fileRef = DBBC741B1DA49BF800C18114 /* LoginSignUpViewController.swift */; };
		DBBC741F1DA49BF800C18114 /* Main.storyboard in Resources */ = {isa = PBXBuildFile; fileRef = DBBC741D1DA49BF800C18114 /* Main.storyboard */; };
		DBBC74221DA49BF800C18114 /* Apt__50.xcdatamodeld in Sources */ = {isa = PBXBuildFile; fileRef = DBBC74201DA49BF800C18114 /* Apt__50.xcdatamodeld */; };
		DBBC74241DA49BF800C18114 /* Assets.xcassets in Resources */ = {isa = PBXBuildFile; fileRef = DBBC74231DA49BF800C18114 /* Assets.xcassets */; };
		DBBC74271DA49BF800C18114 /* LaunchScreen.storyboard in Resources */ = {isa = PBXBuildFile; fileRef = DBBC74251DA49BF800C18114 /* LaunchScreen.storyboard */; };
		DBBC74321DA49BF800C18114 /* Apt__50Tests.swift in Sources */ = {isa = PBXBuildFile; fileRef = DBBC74311DA49BF800C18114 /* Apt__50Tests.swift */; };
		DBBC743D1DA49BF800C18114 /* Apt__50UITests.swift in Sources */ = {isa = PBXBuildFile; fileRef = DBBC743C1DA49BF800C18114 /* Apt__50UITests.swift */; };
		DBBC744B1DA49DA200C18114 /* PostList.storyboard in Resources */ = {isa = PBXBuildFile; fileRef = DBBC744A1DA49DA200C18114 /* PostList.storyboard */; };
		DBBC744D1DA49DB100C18114 /* PostDetail.storyboard in Resources */ = {isa = PBXBuildFile; fileRef = DBBC744C1DA49DB100C18114 /* PostDetail.storyboard */; };
		DBBC744F1DA49DBA00C18114 /* CreatePost.storyboard in Resources */ = {isa = PBXBuildFile; fileRef = DBBC744E1DA49DBA00C18114 /* CreatePost.storyboard */; };
		DBBC74511DA49DC300C18114 /* Profile.storyboard in Resources */ = {isa = PBXBuildFile; fileRef = DBBC74501DA49DC300C18114 /* Profile.storyboard */; };
		DBBC74531DA49DE400C18114 /* PostDetailViewController.swift in Sources */ = {isa = PBXBuildFile; fileRef = DBBC74521DA49DE400C18114 /* PostDetailViewController.swift */; };
		DBBC74551DA49DFB00C18114 /* ProfileViewController.swift in Sources */ = {isa = PBXBuildFile; fileRef = DBBC74541DA49DFB00C18114 /* ProfileViewController.swift */; };
		DBBC74571DA49E5B00C18114 /* CreatePostApartmentViewController.swift in Sources */ = {isa = PBXBuildFile; fileRef = DBBC74561DA49E5B00C18114 /* CreatePostApartmentViewController.swift */; };
		DBBC74591DA49E6700C18114 /* CreatePostContactInfoViewController.swift in Sources */ = {isa = PBXBuildFile; fileRef = DBBC74581DA49E6700C18114 /* CreatePostContactInfoViewController.swift */; };
		DBBC745B1DA49E7100C18114 /* CreatePostAmenitiesViewController.swift in Sources */ = {isa = PBXBuildFile; fileRef = DBBC745A1DA49E7100C18114 /* CreatePostAmenitiesViewController.swift */; };
		DBBC745D1DA49E7F00C18114 /* CreatePostConfirmationViewController.swift in Sources */ = {isa = PBXBuildFile; fileRef = DBBC745C1DA49E7F00C18114 /* CreatePostConfirmationViewController.swift */; };
		DBBC745F1DA49E9300C18114 /* CreatePostImagesTableViewController.swift in Sources */ = {isa = PBXBuildFile; fileRef = DBBC745E1DA49E9300C18114 /* CreatePostImagesTableViewController.swift */; };
		DBBC74611DA49E9C00C18114 /* PostListTableViewController.swift in Sources */ = {isa = PBXBuildFile; fileRef = DBBC74601DA49E9C00C18114 /* PostListTableViewController.swift */; };
		DBBC74631DA49EAB00C18114 /* CustomButton.swift in Sources */ = {isa = PBXBuildFile; fileRef = DBBC74621DA49EAB00C18114 /* CustomButton.swift */; };
		DBBC74651DA49EB500C18114 /* CustomTextField.swift in Sources */ = {isa = PBXBuildFile; fileRef = DBBC74641DA49EB500C18114 /* CustomTextField.swift */; };
		DBBC74671DA49EBC00C18114 /* CustomLabel.swift in Sources */ = {isa = PBXBuildFile; fileRef = DBBC74661DA49EBC00C18114 /* CustomLabel.swift */; };
		DBBC74691DA49EDD00C18114 /* CreatePostImageTableViewCell.swift in Sources */ = {isa = PBXBuildFile; fileRef = DBBC74681DA49EDD00C18114 /* CreatePostImageTableViewCell.swift */; };
		DBBC746B1DA49EE700C18114 /* PostListTableViewCell.swift in Sources */ = {isa = PBXBuildFile; fileRef = DBBC746A1DA49EE700C18114 /* PostListTableViewCell.swift */; };
		DBBC746D1DA49F8100C18114 /* Extensions.swift in Sources */ = {isa = PBXBuildFile; fileRef = DBBC746C1DA49F8100C18114 /* Extensions.swift */; };
		DBBC746F1DA49F8C00C18114 /* Apartment.swift in Sources */ = {isa = PBXBuildFile; fileRef = DBBC746E1DA49F8C00C18114 /* Apartment.swift */; };
		DBBC74711DA49F9400C18114 /* ContactInfo.swift in Sources */ = {isa = PBXBuildFile; fileRef = DBBC74701DA49F9400C18114 /* ContactInfo.swift */; };
		DBBC74731DA49FA100C18114 /* Post.swift in Sources */ = {isa = PBXBuildFile; fileRef = DBBC74721DA49FA100C18114 /* Post.swift */; };
		DBBC74751DA49FAA00C18114 /* User.swift in Sources */ = {isa = PBXBuildFile; fileRef = DBBC74741DA49FAA00C18114 /* User.swift */; };
		DBBC74771DA49FBB00C18114 /* FirebaseController.swift in Sources */ = {isa = PBXBuildFile; fileRef = DBBC74761DA49FBB00C18114 /* FirebaseController.swift */; };
		DBBC74791DA49FC100C18114 /* UserController.swift in Sources */ = {isa = PBXBuildFile; fileRef = DBBC74781DA49FC100C18114 /* UserController.swift */; };
		DBBC747B1DA49FC900C18114 /* NetworkController.swift in Sources */ = {isa = PBXBuildFile; fileRef = DBBC747A1DA49FC900C18114 /* NetworkController.swift */; };
		DBBC747D1DA49FE600C18114 /* PostController.swift in Sources */ = {isa = PBXBuildFile; fileRef = DBBC747C1DA49FE600C18114 /* PostController.swift */; };
		DBBC747F1DA49FEE00C18114 /* ImageController.swift in Sources */ = {isa = PBXBuildFile; fileRef = DBBC747E1DA49FEE00C18114 /* ImageController.swift */; };
		DBBC74811DA4A00400C18114 /* ApartmentController.swift in Sources */ = {isa = PBXBuildFile; fileRef = DBBC74801DA4A00400C18114 /* ApartmentController.swift */; };
		DBBC74881DA4A1CD00C18114 /* GoogleService-Info.plist in Resources */ = {isa = PBXBuildFile; fileRef = DBBC74871DA4A1CD00C18114 /* GoogleService-Info.plist */; };
		DBF3D4A31DA4A78100563D0D /* Enums.swift in Sources */ = {isa = PBXBuildFile; fileRef = DBF3D4A21DA4A78100563D0D /* Enums.swift */; };
/* End PBXBuildFile section */

/* Begin PBXContainerItemProxy section */
		DBBC742E1DA49BF800C18114 /* PBXContainerItemProxy */ = {
			isa = PBXContainerItemProxy;
			containerPortal = DBBC740E1DA49BF800C18114 /* Project object */;
			proxyType = 1;
			remoteGlobalIDString = DBBC74151DA49BF800C18114;
			remoteInfo = "Apt. 50";
		};
		DBBC74391DA49BF800C18114 /* PBXContainerItemProxy */ = {
			isa = PBXContainerItemProxy;
			containerPortal = DBBC740E1DA49BF800C18114 /* Project object */;
			proxyType = 1;
			remoteGlobalIDString = DBBC74151DA49BF800C18114;
			remoteInfo = "Apt. 50";
		};
/* End PBXContainerItemProxy section */

/* Begin PBXFileReference section */
		05795737932179E50AF7FF58 /* Pods_Apt__50.framework */ = {isa = PBXFileReference; explicitFileType = wrapper.framework; includeInIndex = 0; path = Pods_Apt__50.framework; sourceTree = BUILT_PRODUCTS_DIR; };
		1D7141A9E39F6C6830556CC9 /* Pods-Apt. 50.debug.xcconfig */ = {isa = PBXFileReference; includeInIndex = 1; lastKnownFileType = text.xcconfig; name = "Pods-Apt. 50.debug.xcconfig"; path = "Pods/Target Support Files/Pods-Apt. 50/Pods-Apt. 50.debug.xcconfig"; sourceTree = "<group>"; };
		229465E81694242B460D2494 /* Pods-Apt. 50UITests.debug.xcconfig */ = {isa = PBXFileReference; includeInIndex = 1; lastKnownFileType = text.xcconfig; name = "Pods-Apt. 50UITests.debug.xcconfig"; path = "Pods/Target Support Files/Pods-Apt. 50UITests/Pods-Apt. 50UITests.debug.xcconfig"; sourceTree = "<group>"; };
		7F3CAF6F62A634056069B758 /* Pods-Apt. 50Tests.debug.xcconfig */ = {isa = PBXFileReference; includeInIndex = 1; lastKnownFileType = text.xcconfig; name = "Pods-Apt. 50Tests.debug.xcconfig"; path = "Pods/Target Support Files/Pods-Apt. 50Tests/Pods-Apt. 50Tests.debug.xcconfig"; sourceTree = "<group>"; };
		818777D4FE7B60C1D775B4B6 /* Pods-Apt. 50.release.xcconfig */ = {isa = PBXFileReference; includeInIndex = 1; lastKnownFileType = text.xcconfig; name = "Pods-Apt. 50.release.xcconfig"; path = "Pods/Target Support Files/Pods-Apt. 50/Pods-Apt. 50.release.xcconfig"; sourceTree = "<group>"; };
		DBBC74161DA49BF800C18114 /* Apt. 50.app */ = {isa = PBXFileReference; explicitFileType = wrapper.application; includeInIndex = 0; path = "Apt. 50.app"; sourceTree = BUILT_PRODUCTS_DIR; };
		DBBC74191DA49BF800C18114 /* AppDelegate.swift */ = {isa = PBXFileReference; lastKnownFileType = sourcecode.swift; path = AppDelegate.swift; sourceTree = "<group>"; };
		DBBC741B1DA49BF800C18114 /* LoginSignUpViewController.swift */ = {isa = PBXFileReference; lastKnownFileType = sourcecode.swift; path = LoginSignUpViewController.swift; sourceTree = "<group>"; };
		DBBC741E1DA49BF800C18114 /* Base */ = {isa = PBXFileReference; lastKnownFileType = file.storyboard; name = Base; path = Base.lproj/Main.storyboard; sourceTree = "<group>"; };
		DBBC74211DA49BF800C18114 /* Apt__50.xcdatamodel */ = {isa = PBXFileReference; lastKnownFileType = wrapper.xcdatamodel; path = Apt__50.xcdatamodel; sourceTree = "<group>"; };
		DBBC74231DA49BF800C18114 /* Assets.xcassets */ = {isa = PBXFileReference; lastKnownFileType = folder.assetcatalog; path = Assets.xcassets; sourceTree = "<group>"; };
		DBBC74261DA49BF800C18114 /* Base */ = {isa = PBXFileReference; lastKnownFileType = file.storyboard; name = Base; path = Base.lproj/LaunchScreen.storyboard; sourceTree = "<group>"; };
		DBBC74281DA49BF800C18114 /* Info.plist */ = {isa = PBXFileReference; lastKnownFileType = text.plist.xml; path = Info.plist; sourceTree = "<group>"; };
		DBBC742D1DA49BF800C18114 /* Apt. 50Tests.xctest */ = {isa = PBXFileReference; explicitFileType = wrapper.cfbundle; includeInIndex = 0; path = "Apt. 50Tests.xctest"; sourceTree = BUILT_PRODUCTS_DIR; };
		DBBC74311DA49BF800C18114 /* Apt__50Tests.swift */ = {isa = PBXFileReference; lastKnownFileType = sourcecode.swift; path = Apt__50Tests.swift; sourceTree = "<group>"; };
		DBBC74331DA49BF800C18114 /* Info.plist */ = {isa = PBXFileReference; lastKnownFileType = text.plist.xml; path = Info.plist; sourceTree = "<group>"; };
		DBBC74381DA49BF800C18114 /* Apt. 50UITests.xctest */ = {isa = PBXFileReference; explicitFileType = wrapper.cfbundle; includeInIndex = 0; path = "Apt. 50UITests.xctest"; sourceTree = BUILT_PRODUCTS_DIR; };
		DBBC743C1DA49BF800C18114 /* Apt__50UITests.swift */ = {isa = PBXFileReference; lastKnownFileType = sourcecode.swift; path = Apt__50UITests.swift; sourceTree = "<group>"; };
		DBBC743E1DA49BF900C18114 /* Info.plist */ = {isa = PBXFileReference; lastKnownFileType = text.plist.xml; path = Info.plist; sourceTree = "<group>"; };
		DBBC744A1DA49DA200C18114 /* PostList.storyboard */ = {isa = PBXFileReference; fileEncoding = 4; lastKnownFileType = file.storyboard; path = PostList.storyboard; sourceTree = "<group>"; };
		DBBC744C1DA49DB100C18114 /* PostDetail.storyboard */ = {isa = PBXFileReference; fileEncoding = 4; lastKnownFileType = file.storyboard; path = PostDetail.storyboard; sourceTree = "<group>"; };
		DBBC744E1DA49DBA00C18114 /* CreatePost.storyboard */ = {isa = PBXFileReference; fileEncoding = 4; lastKnownFileType = file.storyboard; path = CreatePost.storyboard; sourceTree = "<group>"; };
		DBBC74501DA49DC300C18114 /* Profile.storyboard */ = {isa = PBXFileReference; fileEncoding = 4; lastKnownFileType = file.storyboard; path = Profile.storyboard; sourceTree = "<group>"; };
		DBBC74521DA49DE400C18114 /* PostDetailViewController.swift */ = {isa = PBXFileReference; fileEncoding = 4; lastKnownFileType = sourcecode.swift; path = PostDetailViewController.swift; sourceTree = "<group>"; };
		DBBC74541DA49DFB00C18114 /* ProfileViewController.swift */ = {isa = PBXFileReference; fileEncoding = 4; lastKnownFileType = sourcecode.swift; path = ProfileViewController.swift; sourceTree = "<group>"; };
		DBBC74561DA49E5B00C18114 /* CreatePostApartmentViewController.swift */ = {isa = PBXFileReference; fileEncoding = 4; lastKnownFileType = sourcecode.swift; path = CreatePostApartmentViewController.swift; sourceTree = "<group>"; };
		DBBC74581DA49E6700C18114 /* CreatePostContactInfoViewController.swift */ = {isa = PBXFileReference; fileEncoding = 4; lastKnownFileType = sourcecode.swift; path = CreatePostContactInfoViewController.swift; sourceTree = "<group>"; };
		DBBC745A1DA49E7100C18114 /* CreatePostAmenitiesViewController.swift */ = {isa = PBXFileReference; fileEncoding = 4; lastKnownFileType = sourcecode.swift; path = CreatePostAmenitiesViewController.swift; sourceTree = "<group>"; };
		DBBC745C1DA49E7F00C18114 /* CreatePostConfirmationViewController.swift */ = {isa = PBXFileReference; fileEncoding = 4; lastKnownFileType = sourcecode.swift; path = CreatePostConfirmationViewController.swift; sourceTree = "<group>"; };
		DBBC745E1DA49E9300C18114 /* CreatePostImagesTableViewController.swift */ = {isa = PBXFileReference; fileEncoding = 4; lastKnownFileType = sourcecode.swift; path = CreatePostImagesTableViewController.swift; sourceTree = "<group>"; };
		DBBC74601DA49E9C00C18114 /* PostListTableViewController.swift */ = {isa = PBXFileReference; fileEncoding = 4; lastKnownFileType = sourcecode.swift; path = PostListTableViewController.swift; sourceTree = "<group>"; };
		DBBC74621DA49EAB00C18114 /* CustomButton.swift */ = {isa = PBXFileReference; fileEncoding = 4; lastKnownFileType = sourcecode.swift; path = CustomButton.swift; sourceTree = "<group>"; };
		DBBC74641DA49EB500C18114 /* CustomTextField.swift */ = {isa = PBXFileReference; fileEncoding = 4; lastKnownFileType = sourcecode.swift; path = CustomTextField.swift; sourceTree = "<group>"; };
		DBBC74661DA49EBC00C18114 /* CustomLabel.swift */ = {isa = PBXFileReference; fileEncoding = 4; lastKnownFileType = sourcecode.swift; path = CustomLabel.swift; sourceTree = "<group>"; };
		DBBC74681DA49EDD00C18114 /* CreatePostImageTableViewCell.swift */ = {isa = PBXFileReference; fileEncoding = 4; lastKnownFileType = sourcecode.swift; path = CreatePostImageTableViewCell.swift; sourceTree = "<group>"; };
		DBBC746A1DA49EE700C18114 /* PostListTableViewCell.swift */ = {isa = PBXFileReference; fileEncoding = 4; lastKnownFileType = sourcecode.swift; path = PostListTableViewCell.swift; sourceTree = "<group>"; };
		DBBC746C1DA49F8100C18114 /* Extensions.swift */ = {isa = PBXFileReference; fileEncoding = 4; lastKnownFileType = sourcecode.swift; path = Extensions.swift; sourceTree = "<group>"; };
		DBBC746E1DA49F8C00C18114 /* Apartment.swift */ = {isa = PBXFileReference; fileEncoding = 4; lastKnownFileType = sourcecode.swift; path = Apartment.swift; sourceTree = "<group>"; };
		DBBC74701DA49F9400C18114 /* ContactInfo.swift */ = {isa = PBXFileReference; fileEncoding = 4; lastKnownFileType = sourcecode.swift; path = ContactInfo.swift; sourceTree = "<group>"; };
		DBBC74721DA49FA100C18114 /* Post.swift */ = {isa = PBXFileReference; fileEncoding = 4; lastKnownFileType = sourcecode.swift; path = Post.swift; sourceTree = "<group>"; };
		DBBC74741DA49FAA00C18114 /* User.swift */ = {isa = PBXFileReference; fileEncoding = 4; lastKnownFileType = sourcecode.swift; path = User.swift; sourceTree = "<group>"; };
		DBBC74761DA49FBB00C18114 /* FirebaseController.swift */ = {isa = PBXFileReference; fileEncoding = 4; lastKnownFileType = sourcecode.swift; path = FirebaseController.swift; sourceTree = "<group>"; };
		DBBC74781DA49FC100C18114 /* UserController.swift */ = {isa = PBXFileReference; fileEncoding = 4; lastKnownFileType = sourcecode.swift; path = UserController.swift; sourceTree = "<group>"; };
		DBBC747A1DA49FC900C18114 /* NetworkController.swift */ = {isa = PBXFileReference; fileEncoding = 4; lastKnownFileType = sourcecode.swift; path = NetworkController.swift; sourceTree = "<group>"; };
		DBBC747C1DA49FE600C18114 /* PostController.swift */ = {isa = PBXFileReference; fileEncoding = 4; lastKnownFileType = sourcecode.swift; path = PostController.swift; sourceTree = "<group>"; };
		DBBC747E1DA49FEE00C18114 /* ImageController.swift */ = {isa = PBXFileReference; fileEncoding = 4; lastKnownFileType = sourcecode.swift; path = ImageController.swift; sourceTree = "<group>"; };
		DBBC74801DA4A00400C18114 /* ApartmentController.swift */ = {isa = PBXFileReference; fileEncoding = 4; lastKnownFileType = sourcecode.swift; path = ApartmentController.swift; sourceTree = "<group>"; };
		DBBC74871DA4A1CD00C18114 /* GoogleService-Info.plist */ = {isa = PBXFileReference; fileEncoding = 4; lastKnownFileType = text.plist.xml; path = "GoogleService-Info.plist"; sourceTree = "<group>"; };
		DBF3D4A21DA4A78100563D0D /* Enums.swift */ = {isa = PBXFileReference; fileEncoding = 4; lastKnownFileType = sourcecode.swift; path = Enums.swift; sourceTree = "<group>"; };
		F44763758C47754462701F2B /* Pods-Apt. 50UITests.release.xcconfig */ = {isa = PBXFileReference; includeInIndex = 1; lastKnownFileType = text.xcconfig; name = "Pods-Apt. 50UITests.release.xcconfig"; path = "Pods/Target Support Files/Pods-Apt. 50UITests/Pods-Apt. 50UITests.release.xcconfig"; sourceTree = "<group>"; };
		F87D1053DBAFE2DA42E07078 /* Pods_Apt__50UITests.framework */ = {isa = PBXFileReference; explicitFileType = wrapper.framework; includeInIndex = 0; path = Pods_Apt__50UITests.framework; sourceTree = BUILT_PRODUCTS_DIR; };
		FAE8189644FAAD62B9809083 /* Pods-Apt. 50Tests.release.xcconfig */ = {isa = PBXFileReference; includeInIndex = 1; lastKnownFileType = text.xcconfig; name = "Pods-Apt. 50Tests.release.xcconfig"; path = "Pods/Target Support Files/Pods-Apt. 50Tests/Pods-Apt. 50Tests.release.xcconfig"; sourceTree = "<group>"; };
		FEC09A5D2834A1163906052A /* Pods_Apt__50Tests.framework */ = {isa = PBXFileReference; explicitFileType = wrapper.framework; includeInIndex = 0; path = Pods_Apt__50Tests.framework; sourceTree = BUILT_PRODUCTS_DIR; };
/* End PBXFileReference section */

/* Begin PBXFrameworksBuildPhase section */
		DBBC74131DA49BF800C18114 /* Frameworks */ = {
			isa = PBXFrameworksBuildPhase;
			buildActionMask = 2147483647;
			files = (
				7D45A03FF52D891993847A5A /* Pods_Apt__50.framework in Frameworks */,
			);
			runOnlyForDeploymentPostprocessing = 0;
		};
		DBBC742A1DA49BF800C18114 /* Frameworks */ = {
			isa = PBXFrameworksBuildPhase;
			buildActionMask = 2147483647;
			files = (
				AF2B77E2C7AC24E1DC517E78 /* Pods_Apt__50Tests.framework in Frameworks */,
			);
			runOnlyForDeploymentPostprocessing = 0;
		};
		DBBC74351DA49BF800C18114 /* Frameworks */ = {
			isa = PBXFrameworksBuildPhase;
			buildActionMask = 2147483647;
			files = (
				6E25AD9B3FD34695EA700372 /* Pods_Apt__50UITests.framework in Frameworks */,
			);
			runOnlyForDeploymentPostprocessing = 0;
		};
/* End PBXFrameworksBuildPhase section */

/* Begin PBXGroup section */
		19F441DEDDA2D9E9EFB215F6 /* Frameworks */ = {
			isa = PBXGroup;
			children = (
				05795737932179E50AF7FF58 /* Pods_Apt__50.framework */,
				FEC09A5D2834A1163906052A /* Pods_Apt__50Tests.framework */,
				F87D1053DBAFE2DA42E07078 /* Pods_Apt__50UITests.framework */,
			);
			name = Frameworks;
			sourceTree = "<group>";
		};
		46CC7EE84C45BA44FE97487E /* Pods */ = {
			isa = PBXGroup;
			children = (
				1D7141A9E39F6C6830556CC9 /* Pods-Apt. 50.debug.xcconfig */,
				818777D4FE7B60C1D775B4B6 /* Pods-Apt. 50.release.xcconfig */,
				7F3CAF6F62A634056069B758 /* Pods-Apt. 50Tests.debug.xcconfig */,
				FAE8189644FAAD62B9809083 /* Pods-Apt. 50Tests.release.xcconfig */,
				229465E81694242B460D2494 /* Pods-Apt. 50UITests.debug.xcconfig */,
				F44763758C47754462701F2B /* Pods-Apt. 50UITests.release.xcconfig */,
			);
			name = Pods;
			sourceTree = "<group>";
		};
		DBBC740D1DA49BF800C18114 = {
			isa = PBXGroup;
			children = (
				DBBC74181DA49BF800C18114 /* Apt. 50 */,
				DBBC74301DA49BF800C18114 /* Apt. 50Tests */,
				DBBC743B1DA49BF800C18114 /* Apt. 50UITests */,
				DBBC74171DA49BF800C18114 /* Products */,
				46CC7EE84C45BA44FE97487E /* Pods */,
				19F441DEDDA2D9E9EFB215F6 /* Frameworks */,
			);
			sourceTree = "<group>";
		};
		DBBC74171DA49BF800C18114 /* Products */ = {
			isa = PBXGroup;
			children = (
				DBBC74161DA49BF800C18114 /* Apt. 50.app */,
				DBBC742D1DA49BF800C18114 /* Apt. 50Tests.xctest */,
				DBBC74381DA49BF800C18114 /* Apt. 50UITests.xctest */,
			);
			name = Products;
			sourceTree = "<group>";
		};
		DBBC74181DA49BF800C18114 /* Apt. 50 */ = {
			isa = PBXGroup;
			children = (
				DBBC74191DA49BF800C18114 /* AppDelegate.swift */,
				DBBC74861DA4A0D500C18114 /* Storyboards */,
				DBBC74841DA4A0AB00C18114 /* Views */,
				DBBC74851DA4A0B900C18114 /* ViewControllers */,
				DBBC74821DA4A01400C18114 /* Controllers */,
				DBBC74831DA4A09E00C18114 /* Models */,
				DBBC74231DA49BF800C18114 /* Assets.xcassets */,
				DBBC74251DA49BF800C18114 /* LaunchScreen.storyboard */,
				DBBC74281DA49BF800C18114 /* Info.plist */,
				DBBC74871DA4A1CD00C18114 /* GoogleService-Info.plist */,
				DBBC74201DA49BF800C18114 /* Apt__50.xcdatamodeld */,
			);
			path = "Apt. 50";
			sourceTree = "<group>";
		};
		DBBC74301DA49BF800C18114 /* Apt. 50Tests */ = {
			isa = PBXGroup;
			children = (
				DBBC74311DA49BF800C18114 /* Apt__50Tests.swift */,
				DBBC74331DA49BF800C18114 /* Info.plist */,
			);
			path = "Apt. 50Tests";
			sourceTree = "<group>";
		};
		DBBC743B1DA49BF800C18114 /* Apt. 50UITests */ = {
			isa = PBXGroup;
			children = (
				DBBC743C1DA49BF800C18114 /* Apt__50UITests.swift */,
				DBBC743E1DA49BF900C18114 /* Info.plist */,
			);
			path = "Apt. 50UITests";
			sourceTree = "<group>";
		};
		DBBC74821DA4A01400C18114 /* Controllers */ = {
			isa = PBXGroup;
			children = (
				DBBC746C1DA49F8100C18114 /* Extensions.swift */,
				DBBC74761DA49FBB00C18114 /* FirebaseController.swift */,
				DBBC74781DA49FC100C18114 /* UserController.swift */,
				DBBC747A1DA49FC900C18114 /* NetworkController.swift */,
				DBBC747C1DA49FE600C18114 /* PostController.swift */,
				DBBC747E1DA49FEE00C18114 /* ImageController.swift */,
				DBBC74801DA4A00400C18114 /* ApartmentController.swift */,
			);
			name = Controllers;
			sourceTree = "<group>";
		};
		DBBC74831DA4A09E00C18114 /* Models */ = {
			isa = PBXGroup;
			children = (
				DBF3D4A21DA4A78100563D0D /* Enums.swift */,
				DBBC746E1DA49F8C00C18114 /* Apartment.swift */,
				DBBC74701DA49F9400C18114 /* ContactInfo.swift */,
				DBBC74721DA49FA100C18114 /* Post.swift */,
				DBBC74741DA49FAA00C18114 /* User.swift */,
			);
			name = Models;
			sourceTree = "<group>";
		};
		DBBC74841DA4A0AB00C18114 /* Views */ = {
			isa = PBXGroup;
			children = (
				DBBC74621DA49EAB00C18114 /* CustomButton.swift */,
				DBBC74641DA49EB500C18114 /* CustomTextField.swift */,
				DBBC74661DA49EBC00C18114 /* CustomLabel.swift */,
				DBBC74681DA49EDD00C18114 /* CreatePostImageTableViewCell.swift */,
				DBBC746A1DA49EE700C18114 /* PostListTableViewCell.swift */,
			);
			name = Views;
			sourceTree = "<group>";
		};
		DBBC74851DA4A0B900C18114 /* ViewControllers */ = {
			isa = PBXGroup;
			children = (
				DBBC741B1DA49BF800C18114 /* LoginSignUpViewController.swift */,
				DBBC74521DA49DE400C18114 /* PostDetailViewController.swift */,
				DBBC74541DA49DFB00C18114 /* ProfileViewController.swift */,
				DBBC74561DA49E5B00C18114 /* CreatePostApartmentViewController.swift */,
				DBBC74581DA49E6700C18114 /* CreatePostContactInfoViewController.swift */,
				DBBC745A1DA49E7100C18114 /* CreatePostAmenitiesViewController.swift */,
				DBBC745C1DA49E7F00C18114 /* CreatePostConfirmationViewController.swift */,
				DBBC745E1DA49E9300C18114 /* CreatePostImagesTableViewController.swift */,
				DBBC74601DA49E9C00C18114 /* PostListTableViewController.swift */,
			);
			name = ViewControllers;
			sourceTree = "<group>";
		};
		DBBC74861DA4A0D500C18114 /* Storyboards */ = {
			isa = PBXGroup;
			children = (
				DBBC741D1DA49BF800C18114 /* Main.storyboard */,
				DBBC744A1DA49DA200C18114 /* PostList.storyboard */,
				DBBC744C1DA49DB100C18114 /* PostDetail.storyboard */,
				DBBC744E1DA49DBA00C18114 /* CreatePost.storyboard */,
				DBBC74501DA49DC300C18114 /* Profile.storyboard */,
			);
			name = Storyboards;
			sourceTree = "<group>";
		};
/* End PBXGroup section */

/* Begin PBXNativeTarget section */
		DBBC74151DA49BF800C18114 /* Apt. 50 */ = {
			isa = PBXNativeTarget;
			buildConfigurationList = DBBC74411DA49BF900C18114 /* Build configuration list for PBXNativeTarget "Apt. 50" */;
			buildPhases = (
				373E2FBDA51B2DA8D791A944 /* [CP] Check Pods Manifest.lock */,
				DBBC74121DA49BF800C18114 /* Sources */,
				DBBC74131DA49BF800C18114 /* Frameworks */,
				DBBC74141DA49BF800C18114 /* Resources */,
				73924575EBD5DA130FE31E5A /* [CP] Embed Pods Frameworks */,
				B6392C9BDCDBD0F015C3D7CD /* [CP] Copy Pods Resources */,
			);
			buildRules = (
			);
			dependencies = (
			);
			name = "Apt. 50";
			productName = "Apt. 50";
			productReference = DBBC74161DA49BF800C18114 /* Apt. 50.app */;
			productType = "com.apple.product-type.application";
		};
		DBBC742C1DA49BF800C18114 /* Apt. 50Tests */ = {
			isa = PBXNativeTarget;
			buildConfigurationList = DBBC74441DA49BF900C18114 /* Build configuration list for PBXNativeTarget "Apt. 50Tests" */;
			buildPhases = (
				9A62A44AA10C9BAB275A1629 /* [CP] Check Pods Manifest.lock */,
				DBBC74291DA49BF800C18114 /* Sources */,
				DBBC742A1DA49BF800C18114 /* Frameworks */,
				DBBC742B1DA49BF800C18114 /* Resources */,
				944367483C3830EDBAABD0FF /* [CP] Embed Pods Frameworks */,
				BA8FD3BE970E9A9456F32759 /* [CP] Copy Pods Resources */,
			);
			buildRules = (
			);
			dependencies = (
				DBBC742F1DA49BF800C18114 /* PBXTargetDependency */,
			);
			name = "Apt. 50Tests";
			productName = "Apt. 50Tests";
			productReference = DBBC742D1DA49BF800C18114 /* Apt. 50Tests.xctest */;
			productType = "com.apple.product-type.bundle.unit-test";
		};
		DBBC74371DA49BF800C18114 /* Apt. 50UITests */ = {
			isa = PBXNativeTarget;
			buildConfigurationList = DBBC74471DA49BF900C18114 /* Build configuration list for PBXNativeTarget "Apt. 50UITests" */;
			buildPhases = (
				20351D5857E9C6A8331E54D1 /* [CP] Check Pods Manifest.lock */,
				DBBC74341DA49BF800C18114 /* Sources */,
				DBBC74351DA49BF800C18114 /* Frameworks */,
				DBBC74361DA49BF800C18114 /* Resources */,
				4A1E869CB37A58A4BF873BED /* [CP] Copy Pods Resources */,
			);
			buildRules = (
			);
			dependencies = (
				DBBC743A1DA49BF800C18114 /* PBXTargetDependency */,
			);
			name = "Apt. 50UITests";
			productName = "Apt. 50UITests";
			productReference = DBBC74381DA49BF800C18114 /* Apt. 50UITests.xctest */;
			productType = "com.apple.product-type.bundle.ui-testing";
		};
/* End PBXNativeTarget section */

/* Begin PBXProject section */
		DBBC740E1DA49BF800C18114 /* Project object */ = {
			isa = PBXProject;
			attributes = {
				LastSwiftUpdateCheck = 0800;
				LastUpgradeCheck = 0800;
				ORGANIZATIONNAME = "Justin Smith";
				TargetAttributes = {
					DBBC74151DA49BF800C18114 = {
						CreatedOnToolsVersion = 8.0;
						DevelopmentTeam = 4637N428EN;
						ProvisioningStyle = Automatic;
					};
					DBBC742C1DA49BF800C18114 = {
						CreatedOnToolsVersion = 8.0;
						DevelopmentTeam = 4637N428EN;
						ProvisioningStyle = Automatic;
						TestTargetID = DBBC74151DA49BF800C18114;
					};
					DBBC74371DA49BF800C18114 = {
						CreatedOnToolsVersion = 8.0;
						DevelopmentTeam = 4637N428EN;
						ProvisioningStyle = Automatic;
						TestTargetID = DBBC74151DA49BF800C18114;
					};
				};
			};
			buildConfigurationList = DBBC74111DA49BF800C18114 /* Build configuration list for PBXProject "Apt. 50" */;
			compatibilityVersion = "Xcode 3.2";
			developmentRegion = English;
			hasScannedForEncodings = 0;
			knownRegions = (
				en,
				Base,
			);
			mainGroup = DBBC740D1DA49BF800C18114;
			productRefGroup = DBBC74171DA49BF800C18114 /* Products */;
			projectDirPath = "";
			projectRoot = "";
			targets = (
				DBBC74151DA49BF800C18114 /* Apt. 50 */,
				DBBC742C1DA49BF800C18114 /* Apt. 50Tests */,
				DBBC74371DA49BF800C18114 /* Apt. 50UITests */,
			);
		};
/* End PBXProject section */

/* Begin PBXResourcesBuildPhase section */
		DBBC74141DA49BF800C18114 /* Resources */ = {
			isa = PBXResourcesBuildPhase;
			buildActionMask = 2147483647;
			files = (
				DBBC744F1DA49DBA00C18114 /* CreatePost.storyboard in Resources */,
				DBBC74881DA4A1CD00C18114 /* GoogleService-Info.plist in Resources */,
				DBBC744B1DA49DA200C18114 /* PostList.storyboard in Resources */,
				DBBC74271DA49BF800C18114 /* LaunchScreen.storyboard in Resources */,
				DBBC74241DA49BF800C18114 /* Assets.xcassets in Resources */,
				DBBC741F1DA49BF800C18114 /* Main.storyboard in Resources */,
				DBBC74511DA49DC300C18114 /* Profile.storyboard in Resources */,
				DBBC744D1DA49DB100C18114 /* PostDetail.storyboard in Resources */,
			);
			runOnlyForDeploymentPostprocessing = 0;
		};
		DBBC742B1DA49BF800C18114 /* Resources */ = {
			isa = PBXResourcesBuildPhase;
			buildActionMask = 2147483647;
			files = (
			);
			runOnlyForDeploymentPostprocessing = 0;
		};
		DBBC74361DA49BF800C18114 /* Resources */ = {
			isa = PBXResourcesBuildPhase;
			buildActionMask = 2147483647;
			files = (
			);
			runOnlyForDeploymentPostprocessing = 0;
		};
/* End PBXResourcesBuildPhase section */

/* Begin PBXShellScriptBuildPhase section */
		20351D5857E9C6A8331E54D1 /* [CP] Check Pods Manifest.lock */ = {
			isa = PBXShellScriptBuildPhase;
			buildActionMask = 2147483647;
			files = (
			);
			inputPaths = (
			);
			name = "[CP] Check Pods Manifest.lock";
			outputPaths = (
			);
			runOnlyForDeploymentPostprocessing = 0;
			shellPath = /bin/sh;
			shellScript = "diff \"${PODS_ROOT}/../Podfile.lock\" \"${PODS_ROOT}/Manifest.lock\" > /dev/null\nif [[ $? != 0 ]] ; then\n    cat << EOM\nerror: The sandbox is not in sync with the Podfile.lock. Run 'pod install' or update your CocoaPods installation.\nEOM\n    exit 1\nfi\n";
			showEnvVarsInLog = 0;
		};
		373E2FBDA51B2DA8D791A944 /* [CP] Check Pods Manifest.lock */ = {
			isa = PBXShellScriptBuildPhase;
			buildActionMask = 2147483647;
			files = (
			);
			inputPaths = (
			);
			name = "[CP] Check Pods Manifest.lock";
			outputPaths = (
			);
			runOnlyForDeploymentPostprocessing = 0;
			shellPath = /bin/sh;
			shellScript = "diff \"${PODS_ROOT}/../Podfile.lock\" \"${PODS_ROOT}/Manifest.lock\" > /dev/null\nif [[ $? != 0 ]] ; then\n    cat << EOM\nerror: The sandbox is not in sync with the Podfile.lock. Run 'pod install' or update your CocoaPods installation.\nEOM\n    exit 1\nfi\n";
			showEnvVarsInLog = 0;
		};
		4A1E869CB37A58A4BF873BED /* [CP] Copy Pods Resources */ = {
			isa = PBXShellScriptBuildPhase;
			buildActionMask = 2147483647;
			files = (
			);
			inputPaths = (
			);
			name = "[CP] Copy Pods Resources";
			outputPaths = (
			);
			runOnlyForDeploymentPostprocessing = 0;
			shellPath = /bin/sh;
			shellScript = "\"${SRCROOT}/Pods/Target Support Files/Pods-Apt. 50UITests/Pods-Apt. 50UITests-resources.sh\"\n";
			showEnvVarsInLog = 0;
		};
		73924575EBD5DA130FE31E5A /* [CP] Embed Pods Frameworks */ = {
			isa = PBXShellScriptBuildPhase;
			buildActionMask = 2147483647;
			files = (
			);
			inputPaths = (
			);
			name = "[CP] Embed Pods Frameworks";
			outputPaths = (
			);
			runOnlyForDeploymentPostprocessing = 0;
			shellPath = /bin/sh;
			shellScript = "\"${SRCROOT}/Pods/Target Support Files/Pods-Apt. 50/Pods-Apt. 50-frameworks.sh\"\n";
			showEnvVarsInLog = 0;
		};
		944367483C3830EDBAABD0FF /* [CP] Embed Pods Frameworks */ = {
			isa = PBXShellScriptBuildPhase;
			buildActionMask = 2147483647;
			files = (
			);
			inputPaths = (
			);
			name = "[CP] Embed Pods Frameworks";
			outputPaths = (
			);
			runOnlyForDeploymentPostprocessing = 0;
			shellPath = /bin/sh;
			shellScript = "\"${SRCROOT}/Pods/Target Support Files/Pods-Apt. 50Tests/Pods-Apt. 50Tests-frameworks.sh\"\n";
			showEnvVarsInLog = 0;
		};
		9A62A44AA10C9BAB275A1629 /* [CP] Check Pods Manifest.lock */ = {
			isa = PBXShellScriptBuildPhase;
			buildActionMask = 2147483647;
			files = (
			);
			inputPaths = (
			);
			name = "[CP] Check Pods Manifest.lock";
			outputPaths = (
			);
			runOnlyForDeploymentPostprocessing = 0;
			shellPath = /bin/sh;
			shellScript = "diff \"${PODS_ROOT}/../Podfile.lock\" \"${PODS_ROOT}/Manifest.lock\" > /dev/null\nif [[ $? != 0 ]] ; then\n    cat << EOM\nerror: The sandbox is not in sync with the Podfile.lock. Run 'pod install' or update your CocoaPods installation.\nEOM\n    exit 1\nfi\n";
			showEnvVarsInLog = 0;
		};
		B6392C9BDCDBD0F015C3D7CD /* [CP] Copy Pods Resources */ = {
			isa = PBXShellScriptBuildPhase;
			buildActionMask = 2147483647;
			files = (
			);
			inputPaths = (
			);
			name = "[CP] Copy Pods Resources";
			outputPaths = (
			);
			runOnlyForDeploymentPostprocessing = 0;
			shellPath = /bin/sh;
			shellScript = "\"${SRCROOT}/Pods/Target Support Files/Pods-Apt. 50/Pods-Apt. 50-resources.sh\"\n";
			showEnvVarsInLog = 0;
		};
		BA8FD3BE970E9A9456F32759 /* [CP] Copy Pods Resources */ = {
			isa = PBXShellScriptBuildPhase;
			buildActionMask = 2147483647;
			files = (
			);
			inputPaths = (
			);
			name = "[CP] Copy Pods Resources";
			outputPaths = (
			);
			runOnlyForDeploymentPostprocessing = 0;
			shellPath = /bin/sh;
			shellScript = "\"${SRCROOT}/Pods/Target Support Files/Pods-Apt. 50Tests/Pods-Apt. 50Tests-resources.sh\"\n";
			showEnvVarsInLog = 0;
		};
/* End PBXShellScriptBuildPhase section */

/* Begin PBXSourcesBuildPhase section */
		DBBC74121DA49BF800C18114 /* Sources */ = {
			isa = PBXSourcesBuildPhase;
			buildActionMask = 2147483647;
			files = (
				DBBC747D1DA49FE600C18114 /* PostController.swift in Sources */,
				DBBC74711DA49F9400C18114 /* ContactInfo.swift in Sources */,
				DBBC74651DA49EB500C18114 /* CustomTextField.swift in Sources */,
				DBBC741C1DA49BF800C18114 /* LoginSignUpViewController.swift in Sources */,
				DBBC74531DA49DE400C18114 /* PostDetailViewController.swift in Sources */,
				DBBC74791DA49FC100C18114 /* UserController.swift in Sources */,
				DBBC74671DA49EBC00C18114 /* CustomLabel.swift in Sources */,
				DBBC745B1DA49E7100C18114 /* CreatePostAmenitiesViewController.swift in Sources */,
				DBBC74591DA49E6700C18114 /* CreatePostContactInfoViewController.swift in Sources */,
				DBBC747B1DA49FC900C18114 /* NetworkController.swift in Sources */,
				DBBC74551DA49DFB00C18114 /* ProfileViewController.swift in Sources */,
				DBBC74611DA49E9C00C18114 /* PostListTableViewController.swift in Sources */,
				DBBC74811DA4A00400C18114 /* ApartmentController.swift in Sources */,
				DBBC74571DA49E5B00C18114 /* CreatePostApartmentViewController.swift in Sources */,
				DBBC74221DA49BF800C18114 /* Apt__50.xcdatamodeld in Sources */,
				DBBC74631DA49EAB00C18114 /* CustomButton.swift in Sources */,
				DBBC746B1DA49EE700C18114 /* PostListTableViewCell.swift in Sources */,
				DBBC745D1DA49E7F00C18114 /* CreatePostConfirmationViewController.swift in Sources */,
				DBF3D4A31DA4A78100563D0D /* Enums.swift in Sources */,
				DBBC741A1DA49BF800C18114 /* AppDelegate.swift in Sources */,
				DBBC746F1DA49F8C00C18114 /* Apartment.swift in Sources */,
				DBBC747F1DA49FEE00C18114 /* ImageController.swift in Sources */,
				DBBC746D1DA49F8100C18114 /* Extensions.swift in Sources */,
				DBBC74691DA49EDD00C18114 /* CreatePostImageTableViewCell.swift in Sources */,
				DBBC745F1DA49E9300C18114 /* CreatePostImagesTableViewController.swift in Sources */,
				DBBC74731DA49FA100C18114 /* Post.swift in Sources */,
				DBBC74771DA49FBB00C18114 /* FirebaseController.swift in Sources */,
				DBBC74751DA49FAA00C18114 /* User.swift in Sources */,
			);
			runOnlyForDeploymentPostprocessing = 0;
		};
		DBBC74291DA49BF800C18114 /* Sources */ = {
			isa = PBXSourcesBuildPhase;
			buildActionMask = 2147483647;
			files = (
				DBBC74321DA49BF800C18114 /* Apt__50Tests.swift in Sources */,
			);
			runOnlyForDeploymentPostprocessing = 0;
		};
		DBBC74341DA49BF800C18114 /* Sources */ = {
			isa = PBXSourcesBuildPhase;
			buildActionMask = 2147483647;
			files = (
				DBBC743D1DA49BF800C18114 /* Apt__50UITests.swift in Sources */,
			);
			runOnlyForDeploymentPostprocessing = 0;
		};
/* End PBXSourcesBuildPhase section */

/* Begin PBXTargetDependency section */
		DBBC742F1DA49BF800C18114 /* PBXTargetDependency */ = {
			isa = PBXTargetDependency;
			target = DBBC74151DA49BF800C18114 /* Apt. 50 */;
			targetProxy = DBBC742E1DA49BF800C18114 /* PBXContainerItemProxy */;
		};
		DBBC743A1DA49BF800C18114 /* PBXTargetDependency */ = {
			isa = PBXTargetDependency;
			target = DBBC74151DA49BF800C18114 /* Apt. 50 */;
			targetProxy = DBBC74391DA49BF800C18114 /* PBXContainerItemProxy */;
		};
/* End PBXTargetDependency section */

/* Begin PBXVariantGroup section */
		DBBC741D1DA49BF800C18114 /* Main.storyboard */ = {
			isa = PBXVariantGroup;
			children = (
				DBBC741E1DA49BF800C18114 /* Base */,
			);
			name = Main.storyboard;
			sourceTree = "<group>";
		};
		DBBC74251DA49BF800C18114 /* LaunchScreen.storyboard */ = {
			isa = PBXVariantGroup;
			children = (
				DBBC74261DA49BF800C18114 /* Base */,
			);
			name = LaunchScreen.storyboard;
			sourceTree = "<group>";
		};
/* End PBXVariantGroup section */

/* Begin XCBuildConfiguration section */
		DBBC743F1DA49BF900C18114 /* Debug */ = {
			isa = XCBuildConfiguration;
			buildSettings = {
				ALWAYS_SEARCH_USER_PATHS = NO;
				CLANG_ANALYZER_NONNULL = YES;
				CLANG_CXX_LANGUAGE_STANDARD = "gnu++0x";
				CLANG_CXX_LIBRARY = "libc++";
				CLANG_ENABLE_MODULES = YES;
				CLANG_ENABLE_OBJC_ARC = YES;
				CLANG_WARN_BOOL_CONVERSION = YES;
				CLANG_WARN_CONSTANT_CONVERSION = YES;
				CLANG_WARN_DIRECT_OBJC_ISA_USAGE = YES_ERROR;
				CLANG_WARN_DOCUMENTATION_COMMENTS = YES;
				CLANG_WARN_EMPTY_BODY = YES;
				CLANG_WARN_ENUM_CONVERSION = YES;
				CLANG_WARN_INFINITE_RECURSION = YES;
				CLANG_WARN_INT_CONVERSION = YES;
				CLANG_WARN_OBJC_ROOT_CLASS = YES_ERROR;
				CLANG_WARN_SUSPICIOUS_MOVES = YES;
				CLANG_WARN_UNREACHABLE_CODE = YES;
				CLANG_WARN__DUPLICATE_METHOD_MATCH = YES;
				"CODE_SIGN_IDENTITY[sdk=iphoneos*]" = "iPhone Developer";
				COPY_PHASE_STRIP = NO;
				DEBUG_INFORMATION_FORMAT = dwarf;
				ENABLE_STRICT_OBJC_MSGSEND = YES;
				ENABLE_TESTABILITY = YES;
				GCC_C_LANGUAGE_STANDARD = gnu99;
				GCC_DYNAMIC_NO_PIC = NO;
				GCC_NO_COMMON_BLOCKS = YES;
				GCC_OPTIMIZATION_LEVEL = 0;
				GCC_PREPROCESSOR_DEFINITIONS = (
					"DEBUG=1",
					"$(inherited)",
				);
				GCC_WARN_64_TO_32_BIT_CONVERSION = YES;
				GCC_WARN_ABOUT_RETURN_TYPE = YES_ERROR;
				GCC_WARN_UNDECLARED_SELECTOR = YES;
				GCC_WARN_UNINITIALIZED_AUTOS = YES_AGGRESSIVE;
				GCC_WARN_UNUSED_FUNCTION = YES;
				GCC_WARN_UNUSED_VARIABLE = YES;
				IPHONEOS_DEPLOYMENT_TARGET = 10.0;
				MTL_ENABLE_DEBUG_INFO = YES;
				ONLY_ACTIVE_ARCH = YES;
				SDKROOT = iphoneos;
				SWIFT_ACTIVE_COMPILATION_CONDITIONS = DEBUG;
				SWIFT_OPTIMIZATION_LEVEL = "-Onone";
			};
			name = Debug;
		};
		DBBC74401DA49BF900C18114 /* Release */ = {
			isa = XCBuildConfiguration;
			buildSettings = {
				ALWAYS_SEARCH_USER_PATHS = NO;
				CLANG_ANALYZER_NONNULL = YES;
				CLANG_CXX_LANGUAGE_STANDARD = "gnu++0x";
				CLANG_CXX_LIBRARY = "libc++";
				CLANG_ENABLE_MODULES = YES;
				CLANG_ENABLE_OBJC_ARC = YES;
				CLANG_WARN_BOOL_CONVERSION = YES;
				CLANG_WARN_CONSTANT_CONVERSION = YES;
				CLANG_WARN_DIRECT_OBJC_ISA_USAGE = YES_ERROR;
				CLANG_WARN_DOCUMENTATION_COMMENTS = YES;
				CLANG_WARN_EMPTY_BODY = YES;
				CLANG_WARN_ENUM_CONVERSION = YES;
				CLANG_WARN_INFINITE_RECURSION = YES;
				CLANG_WARN_INT_CONVERSION = YES;
				CLANG_WARN_OBJC_ROOT_CLASS = YES_ERROR;
				CLANG_WARN_SUSPICIOUS_MOVES = YES;
				CLANG_WARN_UNREACHABLE_CODE = YES;
				CLANG_WARN__DUPLICATE_METHOD_MATCH = YES;
				"CODE_SIGN_IDENTITY[sdk=iphoneos*]" = "iPhone Developer";
				COPY_PHASE_STRIP = NO;
				DEBUG_INFORMATION_FORMAT = "dwarf-with-dsym";
				ENABLE_NS_ASSERTIONS = NO;
				ENABLE_STRICT_OBJC_MSGSEND = YES;
				GCC_C_LANGUAGE_STANDARD = gnu99;
				GCC_NO_COMMON_BLOCKS = YES;
				GCC_WARN_64_TO_32_BIT_CONVERSION = YES;
				GCC_WARN_ABOUT_RETURN_TYPE = YES_ERROR;
				GCC_WARN_UNDECLARED_SELECTOR = YES;
				GCC_WARN_UNINITIALIZED_AUTOS = YES_AGGRESSIVE;
				GCC_WARN_UNUSED_FUNCTION = YES;
				GCC_WARN_UNUSED_VARIABLE = YES;
				IPHONEOS_DEPLOYMENT_TARGET = 10.0;
				MTL_ENABLE_DEBUG_INFO = NO;
				SDKROOT = iphoneos;
				SWIFT_OPTIMIZATION_LEVEL = "-Owholemodule";
				VALIDATE_PRODUCT = YES;
			};
			name = Release;
		};
		DBBC74421DA49BF900C18114 /* Debug */ = {
			isa = XCBuildConfiguration;
			baseConfigurationReference = 1D7141A9E39F6C6830556CC9 /* Pods-Apt. 50.debug.xcconfig */;
			buildSettings = {
				ASSETCATALOG_COMPILER_APPICON_NAME = AppIcon;
				DEVELOPMENT_TEAM = 4637N428EN;
				INFOPLIST_FILE = "Apt. 50/Info.plist";
				LD_RUNPATH_SEARCH_PATHS = "$(inherited) @executable_path/Frameworks";
				PRODUCT_BUNDLE_IDENTIFIER = "com.codesmith.Apt--50";
				PRODUCT_NAME = "$(TARGET_NAME)";
				SWIFT_VERSION = 3.0;
			};
			name = Debug;
		};
		DBBC74431DA49BF900C18114 /* Release */ = {
			isa = XCBuildConfiguration;
			baseConfigurationReference = 818777D4FE7B60C1D775B4B6 /* Pods-Apt. 50.release.xcconfig */;
			buildSettings = {
				ASSETCATALOG_COMPILER_APPICON_NAME = AppIcon;
				DEVELOPMENT_TEAM = 4637N428EN;
				INFOPLIST_FILE = "Apt. 50/Info.plist";
				LD_RUNPATH_SEARCH_PATHS = "$(inherited) @executable_path/Frameworks";
				PRODUCT_BUNDLE_IDENTIFIER = "com.codesmith.Apt--50";
				PRODUCT_NAME = "$(TARGET_NAME)";
				SWIFT_VERSION = 3.0;
			};
			name = Release;
		};
		DBBC74451DA49BF900C18114 /* Debug */ = {
			isa = XCBuildConfiguration;
			baseConfigurationReference = 7F3CAF6F62A634056069B758 /* Pods-Apt. 50Tests.debug.xcconfig */;
			buildSettings = {
				ALWAYS_EMBED_SWIFT_STANDARD_LIBRARIES = YES;
				BUNDLE_LOADER = "$(TEST_HOST)";
				DEVELOPMENT_TEAM = 4637N428EN;
				INFOPLIST_FILE = "Apt. 50Tests/Info.plist";
				LD_RUNPATH_SEARCH_PATHS = "$(inherited) @executable_path/Frameworks @loader_path/Frameworks";
				PRODUCT_BUNDLE_IDENTIFIER = "com.codesmith.Apt--50Tests";
				PRODUCT_NAME = "$(TARGET_NAME)";
				SWIFT_VERSION = 3.0;
				TEST_HOST = "$(BUILT_PRODUCTS_DIR)/Apt. 50.app/Apt. 50";
			};
			name = Debug;
		};
		DBBC74461DA49BF900C18114 /* Release */ = {
			isa = XCBuildConfiguration;
			baseConfigurationReference = FAE8189644FAAD62B9809083 /* Pods-Apt. 50Tests.release.xcconfig */;
			buildSettings = {
				ALWAYS_EMBED_SWIFT_STANDARD_LIBRARIES = YES;
				BUNDLE_LOADER = "$(TEST_HOST)";
				DEVELOPMENT_TEAM = 4637N428EN;
				INFOPLIST_FILE = "Apt. 50Tests/Info.plist";
				LD_RUNPATH_SEARCH_PATHS = "$(inherited) @executable_path/Frameworks @loader_path/Frameworks";
				PRODUCT_BUNDLE_IDENTIFIER = "com.codesmith.Apt--50Tests";
				PRODUCT_NAME = "$(TARGET_NAME)";
				SWIFT_VERSION = 3.0;
				TEST_HOST = "$(BUILT_PRODUCTS_DIR)/Apt. 50.app/Apt. 50";
			};
			name = Release;
		};
		DBBC74481DA49BF900C18114 /* Debug */ = {
			isa = XCBuildConfiguration;
			baseConfigurationReference = 229465E81694242B460D2494 /* Pods-Apt. 50UITests.debug.xcconfig */;
			buildSettings = {
				ALWAYS_EMBED_SWIFT_STANDARD_LIBRARIES = YES;
				DEVELOPMENT_TEAM = 4637N428EN;
				INFOPLIST_FILE = "Apt. 50UITests/Info.plist";
				LD_RUNPATH_SEARCH_PATHS = "$(inherited) @executable_path/Frameworks @loader_path/Frameworks";
				PRODUCT_BUNDLE_IDENTIFIER = "com.codesmith.Apt--50UITests";
				PRODUCT_NAME = "$(TARGET_NAME)";
				SWIFT_VERSION = 3.0;
				TEST_TARGET_NAME = "Apt. 50";
			};
			name = Debug;
		};
		DBBC74491DA49BF900C18114 /* Release */ = {
			isa = XCBuildConfiguration;
			baseConfigurationReference = F44763758C47754462701F2B /* Pods-Apt. 50UITests.release.xcconfig */;
			buildSettings = {
				ALWAYS_EMBED_SWIFT_STANDARD_LIBRARIES = YES;
				DEVELOPMENT_TEAM = 4637N428EN;
				INFOPLIST_FILE = "Apt. 50UITests/Info.plist";
				LD_RUNPATH_SEARCH_PATHS = "$(inherited) @executable_path/Frameworks @loader_path/Frameworks";
				PRODUCT_BUNDLE_IDENTIFIER = "com.codesmith.Apt--50UITests";
				PRODUCT_NAME = "$(TARGET_NAME)";
				SWIFT_VERSION = 3.0;
				TEST_TARGET_NAME = "Apt. 50";
			};
			name = Release;
		};
/* End XCBuildConfiguration section */

/* Begin XCConfigurationList section */
		DBBC74111DA49BF800C18114 /* Build configuration list for PBXProject "Apt. 50" */ = {
			isa = XCConfigurationList;
			buildConfigurations = (
				DBBC743F1DA49BF900C18114 /* Debug */,
				DBBC74401DA49BF900C18114 /* Release */,
			);
			defaultConfigurationIsVisible = 0;
			defaultConfigurationName = Release;
		};
		DBBC74411DA49BF900C18114 /* Build configuration list for PBXNativeTarget "Apt. 50" */ = {
			isa = XCConfigurationList;
			buildConfigurations = (
				DBBC74421DA49BF900C18114 /* Debug */,
				DBBC74431DA49BF900C18114 /* Release */,
			);
			defaultConfigurationIsVisible = 0;
			defaultConfigurationName = Release;
		};
		DBBC74441DA49BF900C18114 /* Build configuration list for PBXNativeTarget "Apt. 50Tests" */ = {
			isa = XCConfigurationList;
			buildConfigurations = (
				DBBC74451DA49BF900C18114 /* Debug */,
				DBBC74461DA49BF900C18114 /* Release */,
			);
			defaultConfigurationIsVisible = 0;
			defaultConfigurationName = Release;
		};
		DBBC74471DA49BF900C18114 /* Build configuration list for PBXNativeTarget "Apt. 50UITests" */ = {
			isa = XCConfigurationList;
			buildConfigurations = (
				DBBC74481DA49BF900C18114 /* Debug */,
				DBBC74491DA49BF900C18114 /* Release */,
			);
			defaultConfigurationIsVisible = 0;
			defaultConfigurationName = Release;
		};
/* End XCConfigurationList section */

/* Begin XCVersionGroup section */
		DBBC74201DA49BF800C18114 /* Apt__50.xcdatamodeld */ = {
			isa = XCVersionGroup;
			children = (
				DBBC74211DA49BF800C18114 /* Apt__50.xcdatamodel */,
			);
			currentVersion = DBBC74211DA49BF800C18114 /* Apt__50.xcdatamodel */;
			path = Apt__50.xcdatamodeld;
			sourceTree = "<group>";
			versionGroupType = wrapper.xcdatamodel;
		};
/* End XCVersionGroup section */
	};
	rootObject = DBBC740E1DA49BF800C18114 /* Project object */;
}
